
Microsoft Visual Studio Solution File, Format Version 12.00
# Visual Studio Version 16
VisualStudioVersion = 16.0.30523.141
MinimumVisualStudioVersion = 10.0.40219.1
Project("{8BC9CEB8-8B4A-11D0-8D11-00A0C91BC942}") = "Binary_heap", "Binary_heap\Binary_heap.vcxproj", "{94B25056-F422-45CF-B5C1-11700A223492}"
EndProject
Global
	GlobalSection(SolutionConfigurationPlatforms) = preSolution
		Debug|x64 = Debug|x64
		Debug|x86 = Debug|x86
		Release|x64 = Release|x64
		Release|x86 = Release|x86
	EndGlobalSection
	GlobalSection(ProjectConfigurationPlatforms) = postSolution
		{94B25056-F422-45CF-B5C1-11700A223492}.Debug|x64.ActiveCfg = Debug|x64
		{94B25056-F422-45CF-B5C1-11700A223492}.Debug|x64.Build.0 = Debug|x64
		{94B25056-F422-45CF-B5C1-11700A223492}.Debug|x86.ActiveCfg = Debug|Win32
		{94B25056-F422-45CF-B5C1-11700A223492}.Debug|x86.Build.0 = Debug|Win32
		{94B25056-F422-45CF-B5C1-11700A223492}.Release|x64.ActiveCfg = Release|x64
		{94B25056-F422-45CF-B5C1-11700A223492}.Release|x64.Build.0 = Release|x64
		{94B25056-F422-45CF-B5C1-11700A223492}.Release|x86.ActiveCfg = Release|Win32
		{94B25056-F422-45CF-B5C1-11700A223492}.Release|x86.Build.0 = Release|Win32
	EndGlobalSection
	GlobalSection(SolutionProperties) = preSolution
		HideSolutionNode = FALSE
	EndGlobalSection
	GlobalSection(ExtensibilityGlobals) = postSolution
		SolutionGuid = {44F2FA7E-A388-419C-A133-313F3297E766}
	EndGlobalSection
EndGlobal
