
Microsoft Visual Studio Solution File, Format Version 12.00
# Visual Studio Version 16
VisualStudioVersion = 16.0.30523.141
MinimumVisualStudioVersion = 10.0.40219.1
Project("{8BC9CEB8-8B4A-11D0-8D11-00A0C91BC942}") = "Lab_2_MV", "Lab_2_MV\Lab_2_MV.vcxproj", "{92BED689-C231-4411-A3FF-2DBDACCF26F6}"
EndProject
Global
	GlobalSection(SolutionConfigurationPlatforms) = preSolution
		Debug|x64 = Debug|x64
		Debug|x86 = Debug|x86
		Release|x64 = Release|x64
		Release|x86 = Release|x86
	EndGlobalSection
	GlobalSection(ProjectConfigurationPlatforms) = postSolution
		{92BED689-C231-4411-A3FF-2DBDACCF26F6}.Debug|x64.ActiveCfg = Debug|x64
		{92BED689-C231-4411-A3FF-2DBDACCF26F6}.Debug|x64.Build.0 = Debug|x64
		{92BED689-C231-4411-A3FF-2DBDACCF26F6}.Debug|x86.ActiveCfg = Debug|Win32
		{92BED689-C231-4411-A3FF-2DBDACCF26F6}.Debug|x86.Build.0 = Debug|Win32
		{92BED689-C231-4411-A3FF-2DBDACCF26F6}.Release|x64.ActiveCfg = Release|x64
		{92BED689-C231-4411-A3FF-2DBDACCF26F6}.Release|x64.Build.0 = Release|x64
		{92BED689-C231-4411-A3FF-2DBDACCF26F6}.Release|x86.ActiveCfg = Release|Win32
		{92BED689-C231-4411-A3FF-2DBDACCF26F6}.Release|x86.Build.0 = Release|Win32
	EndGlobalSection
	GlobalSection(SolutionProperties) = preSolution
		HideSolutionNode = FALSE
	EndGlobalSection
	GlobalSection(ExtensibilityGlobals) = postSolution
		SolutionGuid = {DE066E81-DBFA-4D2E-B0F0-EB03F3F53E97}
	EndGlobalSection
EndGlobal
