
Microsoft Visual Studio Solution File, Format Version 12.00
# Visual Studio Version 16
VisualStudioVersion = 16.0.29920.165
MinimumVisualStudioVersion = 10.0.40219.1
Project("{FAE04EC0-301F-11D3-BF4B-00C04F79EFBC}") = "Сalculator", "Сalculator\Сalculator.csproj", "{736ED58A-0570-490A-BFBA-6A478EBD9D64}"
EndProject
Global
	GlobalSection(SolutionConfigurationPlatforms) = preSolution
		Debug|Any CPU = Debug|Any CPU
		Release|Any CPU = Release|Any CPU
	EndGlobalSection
	GlobalSection(ProjectConfigurationPlatforms) = postSolution
		{736ED58A-0570-490A-BFBA-6A478EBD9D64}.Debug|Any CPU.ActiveCfg = Debug|Any CPU
		{736ED58A-0570-490A-BFBA-6A478EBD9D64}.Debug|Any CPU.Build.0 = Debug|Any CPU
		{736ED58A-0570-490A-BFBA-6A478EBD9D64}.Release|Any CPU.ActiveCfg = Release|Any CPU
		{736ED58A-0570-490A-BFBA-6A478EBD9D64}.Release|Any CPU.Build.0 = Release|Any CPU
	EndGlobalSection
	GlobalSection(SolutionProperties) = preSolution
		HideSolutionNode = FALSE
	EndGlobalSection
	GlobalSection(ExtensibilityGlobals) = postSolution
		SolutionGuid = {54C159F0-0867-420E-8039-473AF95D4AA6}
	EndGlobalSection
EndGlobal
