
Microsoft Visual Studio Solution File, Format Version 12.00
# Visual Studio Version 16
VisualStudioVersion = 16.0.29418.71
MinimumVisualStudioVersion = 10.0.40219.1
Project("{8BC9CEB8-8B4A-11D0-8D11-00A0C91BC942}") = "7-ay laba", "7-ay laba\7-ay laba.vcxproj", "{005E8BC8-C52F-4CD0-A4C7-1726C1A35F8D}"
EndProject
Global
	GlobalSection(SolutionConfigurationPlatforms) = preSolution
		Debug|x64 = Debug|x64
		Debug|x86 = Debug|x86
		Release|x64 = Release|x64
		Release|x86 = Release|x86
	EndGlobalSection
	GlobalSection(ProjectConfigurationPlatforms) = postSolution
		{005E8BC8-C52F-4CD0-A4C7-1726C1A35F8D}.Debug|x64.ActiveCfg = Debug|x64
		{005E8BC8-C52F-4CD0-A4C7-1726C1A35F8D}.Debug|x64.Build.0 = Debug|x64
		{005E8BC8-C52F-4CD0-A4C7-1726C1A35F8D}.Debug|x86.ActiveCfg = Debug|Win32
		{005E8BC8-C52F-4CD0-A4C7-1726C1A35F8D}.Debug|x86.Build.0 = Debug|Win32
		{005E8BC8-C52F-4CD0-A4C7-1726C1A35F8D}.Release|x64.ActiveCfg = Release|x64
		{005E8BC8-C52F-4CD0-A4C7-1726C1A35F8D}.Release|x64.Build.0 = Release|x64
		{005E8BC8-C52F-4CD0-A4C7-1726C1A35F8D}.Release|x86.ActiveCfg = Release|Win32
		{005E8BC8-C52F-4CD0-A4C7-1726C1A35F8D}.Release|x86.Build.0 = Release|Win32
	EndGlobalSection
	GlobalSection(SolutionProperties) = preSolution
		HideSolutionNode = FALSE
	EndGlobalSection
	GlobalSection(ExtensibilityGlobals) = postSolution
		SolutionGuid = {EADCBC62-7ECD-4A7A-95A9-D6DB2FB7AFBE}
	EndGlobalSection
EndGlobal
