
Microsoft Visual Studio Solution File, Format Version 12.00
# Visual Studio Version 16
VisualStudioVersion = 16.0.29905.134
MinimumVisualStudioVersion = 10.0.40219.1
Project("{FAE04EC0-301F-11D3-BF4B-00C04F79EFBC}") = "Dad_Mom_Csharp", "Dad_Mom_Csharp\Dad_Mom_Csharp.csproj", "{39823036-642B-478B-9F1C-71DD5A9F915C}"
EndProject
Global
	GlobalSection(SolutionConfigurationPlatforms) = preSolution
		Debug|Any CPU = Debug|Any CPU
		Release|Any CPU = Release|Any CPU
	EndGlobalSection
	GlobalSection(ProjectConfigurationPlatforms) = postSolution
		{39823036-642B-478B-9F1C-71DD5A9F915C}.Debug|Any CPU.ActiveCfg = Debug|Any CPU
		{39823036-642B-478B-9F1C-71DD5A9F915C}.Debug|Any CPU.Build.0 = Debug|Any CPU
		{39823036-642B-478B-9F1C-71DD5A9F915C}.Release|Any CPU.ActiveCfg = Release|Any CPU
		{39823036-642B-478B-9F1C-71DD5A9F915C}.Release|Any CPU.Build.0 = Release|Any CPU
	EndGlobalSection
	GlobalSection(SolutionProperties) = preSolution
		HideSolutionNode = FALSE
	EndGlobalSection
	GlobalSection(ExtensibilityGlobals) = postSolution
		SolutionGuid = {D1937960-8A6F-419C-8894-1C41E648099D}
	EndGlobalSection
EndGlobal
