<?xml version="1.0" encoding="utf-8"?>
<Project ToolsVersion="4.0" xmlns="http://schemas.microsoft.com/developer/msbuild/2003">
  <ItemGroup>
    <Filter Include="Исходные файлы">
      <UniqueIdentifier>{4FC737F1-C7A5-4376-A066-2A32D752A2FF}</UniqueIdentifier>
      <Extensions>cpp;c;cc;cxx;def;odl;idl;hpj;bat;asm;asmx</Extensions>
    </Filter>
    <Filter Include="Файлы заголовков">
      <UniqueIdentifier>{93995380-89BD-4b04-88EB-625FBE52EBFB}</UniqueIdentifier>
      <Extensions>h;hh;hpp;hxx;hm;inl;inc;ipp;xsd</Extensions>
    </Filter>
    <Filter Include="Файлы ресурсов">
      <UniqueIdentifier>{67DA6AB6-F800-4c08-8B7A-83BB121AAD01}</UniqueIdentifier>
      <Extensions>rc;ico;cur;bmp;dlg;rc2;rct;bin;rgs;gif;jpg;jpeg;jpe;resx;tiff;tif;png;wav;mfcribbon-ms</Extensions>
    </Filter>
  </ItemGroup>
  <ItemGroup>
    <ClCompile Include="drinks.cpp">
      <Filter>Исходные файлы</Filter>
    </ClCompile>
    <ClCompile Include="drinksexception.cpp">
      <Filter>Исходные файлы</Filter>
    </ClCompile>
    <ClCompile Include="alkagol.cpp">
      <Filter>Исходные файлы</Filter>
    </ClCompile>
    <ClCompile Include="mainfile.cpp">
      <Filter>Исходные файлы</Filter>
    </ClCompile>
    <ClCompile Include="bezalkagol.cpp">
      <Filter>Исходные файлы</Filter>
    </ClCompile>
    <ClCompile Include="pivo.cpp">
      <Filter>Исходные файлы</Filter>
    </ClCompile>
    <ClCompile Include="mineral.cpp">
      <Filter>Исходные файлы</Filter>
    </ClCompile>
    <ClCompile Include="milk.cpp">
      <Filter>Исходные файлы</Filter>
    </ClCompile>
    <ClCompile Include="limonad.cpp">
      <Filter>Исходные файлы</Filter>
    </ClCompile>
    <ClCompile Include="koniyk.cpp">
      <Filter>Исходные файлы</Filter>
    </ClCompile>
    <ClCompile Include="vino.cpp">
      <Filter>Исходные файлы</Filter>
    </ClCompile>
  </ItemGroup>
  <ItemGroup>
    <ClInclude Include="drinks.h">
      <Filter>Файлы заголовков</Filter>
    </ClInclude>
    <ClInclude Include="drinksexception.h">
      <Filter>Файлы заголовков</Filter>
    </ClInclude>
    <ClInclude Include="alkagol.h">
      <Filter>Файлы заголовков</Filter>
    </ClInclude>
    <ClInclude Include="bezalkagol.h">
      <Filter>Файлы заголовков</Filter>
    </ClInclude>
    <ClInclude Include="pivo.h">
      <Filter>Файлы заголовков</Filter>
    </ClInclude>
    <ClInclude Include="mineral.h">
      <Filter>Файлы заголовков</Filter>
    </ClInclude>
    <ClInclude Include="milk.h">
      <Filter>Файлы заголовков</Filter>
    </ClInclude>
    <ClInclude Include="limonad.h">
      <Filter>Файлы заголовков</Filter>
    </ClInclude>
    <ClInclude Include="koniyk.h">
      <Filter>Файлы заголовков</Filter>
    </ClInclude>
    <ClInclude Include="vino.h">
      <Filter>Файлы заголовков</Filter>
    </ClInclude>
  </ItemGroup>
</Project>